// !$*UTF8*$!
{
	archiveVersion = 1;
	classes = {
	};
	objectVersion = 56;
	objects = {

/* Begin PBXBuildFile section */
		XVisionBoardAIApp.swift in Sources */ = {isa = PBXBuildFile; fileRef = /* XVisionBoardAIApp.swift */; };
		ContentView.swift in Sources */ = {isa = PBXBuildFile; fileRef = /* ContentView.swift */; };
		ColorScheme.swift in Sources */ = {isa = PBXBuildFile; fileRef = /* ColorScheme.swift */; };
		User.swift in Sources */ = {isa = PBXBuildFile; fileRef = /* User.swift */; };
		VisionBoard.swift in Sources */ = {isa = PBXBuildFile; fileRef = /* VisionBoard.swift */; };
		StoreManager.swift in Sources */ = {isa = PBXBuildFile; fileRef = /* StoreManager.swift */; };
		UserManager.swift in Sources */ = {isa = PBXBuildFile; fileRef = /* UserManager.swift */; };
		VisionBoardManager.swift in Sources */ = {isa = PBXBuildFile; fileRef = /* VisionBoardManager.swift */; };
		CameraManager.swift in Sources */ = {isa = PBXBuildFile; fileRef = /* CameraManager.swift */; };
		CameraView.swift in Sources */ = {isa = PBXBuildFile; fileRef = /* CameraView.swift */; };
		WelcomeView.swift in Sources */ = {isa = PBXBuildFile; fileRef = /* WelcomeView.swift */; };
		AuthViews.swift in Sources */ = {isa = PBXBuildFile; fileRef = /* AuthViews.swift */; };
		HomeView.swift in Sources */ = {isa = PBXBuildFile; fileRef = /* HomeView.swift */; };
		CreateVisionBoardView.swift in Sources */ = {isa = PBXBuildFile; fileRef = /* CreateVisionBoardView.swift */; };
		SubscriptionView.swift in Sources */ = {isa = PBXBuildFile; fileRef = /* SubscriptionView.swift */; };
		VisionBoardGalleryView.swift in Sources */ = {isa = PBXBuildFile; fileRef = /* VisionBoardGalleryView.swift */; };
		VisionBoardDetailView.swift in Sources */ = {isa = PBXBuildFile; fileRef = /* VisionBoardDetailView.swift */; };
		ProfileView.swift in Sources */ = {isa = PBXBuildFile; fileRef = /* ProfileView.swift */; };
		ViewExtensions.swift in Sources */ = {isa = PBXBuildFile; fileRef = /* ViewExtensions.swift */; };
/* End PBXBuildFile section */

/* Begin PBXFileReference section */
		XVisionBoardAI.app */ = {isa = PBXFileReference; explicitFileType = wrapper.application; includeInIndex = 0; path = XVisionBoardAI.app; sourceTree = BUILT_PRODUCTS_DIR; };
		XVisionBoardAIApp.swift */ = {isa = PBXFileReference; lastKnownFileType = sourcecode.swift; path = XVisionBoardAIApp.swift; sourceTree = "<group>"; };
		ContentView.swift */ = {isa = PBXFileReference; lastKnownFileType = sourcecode.swift; path = ContentView.swift; sourceTree = "<group>"; };
		Info.plist */ = {isa = PBXFileReference; lastKnownFileType = text.plist.xml; path = Info.plist; sourceTree = "<group>"; };
/* End PBXFileReference section */

/* Begin PBXFrameworksBuildPhase section */
		/* Begin PBXFrameworksBuildPhase section */
			isa = PBXFrameworksBuildPhase;
			buildActionMask = 2147483647;
			files = (
			);
			runOnlyForDeploymentPostprocessing = 0;
		/* End PBXFrameworksBuildPhase section */
/* End PBXFrameworksBuildPhase section */

/* Begin PBXGroup section */
		/* Begin PBXGroup section */
			isa = PBXGroup;
			children = (
				XVisionBoardAI,
				Products,
			);
			sourceTree = "<group>";
		/* End PBXGroup section */
		Products /* Products */ = {
			isa = PBXGroup;
			children = (
				XVisionBoardAI.app,
			);
			name = Products;
			sourceTree = "<group>";
		};
		XVisionBoardAI /* XVisionBoardAI */ = {
			isa = PBXGroup;
			children = (
				XVisionBoardAIApp.swift,
				Views,
				Models,
				Services,
				ViewModels,
				Utils,
				Info.plist,
			);
			path = XVisionBoardAI;
			sourceTree = "<group>";
		};
		Views /* Views */ = {
			isa = PBXGroup;
			children = (
				ContentView.swift,
				WelcomeView.swift,
				AuthViews.swift,
				HomeView.swift,
				CreateVisionBoardView.swift,
				VisionBoardGalleryView.swift,
				VisionBoardDetailView.swift,
				ProfileView.swift,
				SubscriptionView.swift,
				CameraView.swift,
			);
			path = Views;
			sourceTree = "<group>";
		};
		Models /* Models */ = {
			isa = PBXGroup;
			children = (
				User.swift,
				VisionBoard.swift,
			);
			path = Models;
			sourceTree = "<group>";
		};
		Services /* Services */ = {
			isa = PBXGroup;
			children = (
				StoreManager.swift,
				CameraManager.swift,
			);
			path = Services;
			sourceTree = "<group>";
		};
		ViewModels /* ViewModels */ = {
			isa = PBXGroup;
			children = (
				UserManager.swift,
				VisionBoardManager.swift,
			);
			path = ViewModels;
			sourceTree = "<group>";
		};
		Utils /* Utils */ = {
			isa = PBXGroup;
			children = (
				ColorScheme.swift,
				ViewExtensions.swift,
			);
			path = Utils;
			sourceTree = "<group>";
		};
/* End PBXGroup section */

/* Begin PBXNativeTarget section */
		XVisionBoardAI /* XVisionBoardAI */ = {
			isa = PBXNativeTarget;
			buildConfigurationList = /* Build configuration list for PBXNativeTarget "XVisionBoardAI" */;
			buildPhases = (
				/* Sources */,
				/* Frameworks */,
				/* Resources */,
			);
			buildRules = (
			);
			dependencies = (
			);
			name = XVisionBoardAI;
			productName = XVisionBoardAI;
			productReference = XVisionBoardAI.app;
			productType = "com.apple.product-type.application";
		};
/* End PBXNativeTarget section */

/* Begin PBXProject section */
		/* Begin PBXProject section */
			isa = PBXProject;
			attributes = {
				BuildIndependentTargetsInParallel = 1;
				LastSwiftUpdateCheck = 1500;
				LastUpgradeCheck = 1500;
				TargetAttributes = {
					XVisionBoardAI = {
						CreatedOnToolsVersion = 15.0;
					};
				};
			};
			buildConfigurationList = /* Build configuration list for PBXProject "XVisionBoardAI" */;
			compatibilityVersion = "Xcode 14.0";
			developmentRegion = en;
			hasScannedForEncodings = 0;
			knownRegions = (
				en,
				Base,
			);
			mainGroup = ;
			productRefGroup = Products;
			projectDirPath = "";
			projectRoot = "";
			targets = (
				XVisionBoardAI,
			);
		/* End PBXProject section */
/* End PBXProject section */

/* Begin PBXSourcesBuildPhase section */
		/* Begin PBXSourcesBuildPhase section */
			isa = PBXSourcesBuildPhase;
			buildActionMask = 2147483647;
			files = (
				ContentView.swift in Sources,
				XVisionBoardAIApp.swift in Sources,
				ColorScheme.swift in Sources,
				User.swift in Sources,
				VisionBoard.swift in Sources,
				StoreManager.swift in Sources,
				UserManager.swift in Sources,
				VisionBoardManager.swift in Sources,
				CameraManager.swift in Sources,
				CameraView.swift in Sources,
				WelcomeView.swift in Sources,
				AuthViews.swift in Sources,
				HomeView.swift in Sources,
				CreateVisionBoardView.swift in Sources,
				SubscriptionView.swift in Sources,
				VisionBoardGalleryView.swift in Sources,
				VisionBoardDetailView.swift in Sources,
				ProfileView.swift in Sources,
				ViewExtensions.swift in Sources,
			);
			runOnlyForDeploymentPostprocessing = 0;
		/* End PBXSourcesBuildPhase section */
/* End PBXSourcesBuildPhase section */

/* Begin XCBuildConfiguration section */
		/* Begin XCBuildConfiguration section */
			isa = XCBuildConfiguration;
			buildSettings = {
				ALWAYS_SEARCH_USER_PATHS = NO;
				ASSETCATALOG_COMPILER_GENERATE_SWIFT_ASSET_SYMBOL_EXTENSIONS = YES;
				CLANG_ANALYZER_NONNULL = YES;
				CLANG_ANALYZER_NUMBER_OBJECT_CONVERSION = YES_AGGRESSIVE;
				CLANG_CXX_LANGUAGE_STANDARD = "gnu++20";
				CLANG_ENABLE_MODULES = YES;
				CLANG_ENABLE_OBJC_ARC = YES;
				CLANG_ENABLE_OBJC_WEAK = YES;
				CLANG_WARN_BLOCK_CAPTURE_AUTORELEASING = YES;
				CLANG_WARN_BOOL_CONVERSION = YES;
				CLANG_WARN_COMMA = YES;
				CLANG_WARN_CONSTANT_CONVERSION = YES;
				CLANG_WARN_DEPRECATED_OBJC_IMPLEMENTATIONS = YES;
				CLANG_WARN_DIRECT_OBJC_ISA_USAGE = YES_ERROR;
				CLANG_WARN_DOCUMENTATION_COMMENTS = YES;
				CLANG_WARN_EMPTY_BODY = YES;
				CLANG_WARN_ENUM_CONVERSION = YES;
				CLANG_WARN_INFINITE_RECURSION = YES;
				CLANG_WARN_INT_CONVERSION = YES;
				CLANG_WARN_NON_LITERAL_NULL_CONVERSION = YES;
				CLANG_WARN_OBJC_IMPLICIT_RETAIN_SELF = YES;
				CLANG_WARN_OBJC_LITERAL_CONVERSION = YES;
				CLANG_WARN_OBJC_ROOT_CLASS = YES_ERROR;
				CLANG_WARN_QUOTED_INCLUDE_IN_FRAMEWORK_HEADER = YES;
				CLANG_WARN_RANGE_LOOP_ANALYSIS = YES;
				CLANG_WARN_STRICT_PROTOTYPES = YES;
				CLANG_WARN_SUSPICIOUS_MOVE = YES;
				CLANG_WARN_UNGUARDED_AVAILABILITY = YES_AGGRESSIVE;
				CLANG_WARN_UNREACHABLE_CODE = YES;
				CLANG_WARN__DUPLICATE_METHOD_MATCH = YES;
				COPY_PHASE_STRIP = NO;
				DEBUG_INFORMATION_FORMAT = dwarf;
				ENABLE_STRICT_OBJC_MSGSEND = YES;
				ENABLE_TESTABILITY = YES;
				ENABLE_USER_SCRIPT_SANDBOXING = YES;
				GCC_C_LANGUAGE_STANDARD = gnu17;
				GCC_DYNAMIC_NO_PIC = NO;
				GCC_NO_COMMON_BLOCKS = YES;
				GCC_OPTIMIZATION_LEVEL = 0;
				GCC_PREPROCESSOR_DEFINITIONS = (
					"DEBUG=1",
					"$(inherited)",
				);
				GCC_WARN_64_TO_32_BIT_CONVERSION = YES;
				GCC_WARN_ABOUT_RETURN_TYPE = YES_ERROR;
				GCC_WARN_UNDECLARED_SELECTOR = YES;
				GCC_WARN_UNINITIALIZED_AUTOS = YES_AGGRESSIVE;
				GCC_WARN_UNUSED_FUNCTION = YES;
				GCC_WARN_UNUSED_VARIABLE = YES;
				IPHONEOS_DEPLOYMENT_TARGET = 17.0;
				LOCALIZATION_PREFERS_STRING_CATALOGS = YES;
				MTL_ENABLE_DEBUG_INFO = INCLUDE_SOURCE;
				MTL_FAST_MATH = YES;
				ONLY_ACTIVE_ARCH = YES;
				SDKROOT = iphoneos;
				SWIFT_ACTIVE_COMPILATION_CONDITIONS = "DEBUG $(inherited)";
				SWIFT_OPTIMIZATION_LEVEL = "-Onone";
			};
			name = Debug;
		/* End XCBuildConfiguration section */
		/* Begin XCBuildConfiguration section */
			isa = XCBuildConfiguration;
			buildSettings = {
				ASSETCATALOG_COMPILER_APPICON_NAME = AppIcon;
				ASSETCATALOG_COMPILER_GLOBAL_ACCENT_COLOR_NAME = AccentColor;
				CODE_SIGN_STYLE = Automatic;
				CURRENT_PROJECT_VERSION = 1;
				DEVELOPMENT_ASSET_PATHS = "\"XVisionBoardAI/Preview Content\"";
				DEVELOPMENT_TEAM = "";
				ENABLE_PREVIEWS = YES;
				GENERATE_INFOPLIST_FILE = YES;
				INFOPLIST_FILE = XVisionBoardAI/Info.plist;
				INFOPLIST_KEY_NSCameraUsageDescription = "XVisionBoard AI needs camera access to take selfies for personalized vision boards.";
				INFOPLIST_KEY_NSPhotoLibraryUsageDescription = "XVisionBoard AI needs photo library access to select images for personalized vision boards.";
				INFOPLIST_KEY_UIApplicationSceneManifest_Generation = YES;
				INFOPLIST_KEY_UIApplicationSupportsIndirectInputEvents = YES;
				INFOPLIST_KEY_UILaunchScreen_Generation = YES;
				INFOPLIST_KEY_UISupportedInterfaceOrientations = UIInterfaceOrientationPortrait;
				INFOPLIST_KEY_UISupportedInterfaceOrientations_iPad = "UIInterfaceOrientationPortrait UIInterfaceOrientationPortraitUpsideDown UIInterfaceOrientationLandscapeLeft UIInterfaceOrientationLandscapeRight";
				INFOPLIST_KEY_UISupportedInterfaceOrientations_iPhone = "UIInterfaceOrientationPortrait UIInterfaceOrientationLandscapeLeft UIInterfaceOrientationLandscapeRight";
				LD_RUNPATH_SEARCH_PATHS = (
					"$(inherited)",
					"@executable_path/Frameworks",
				);
				MARKETING_VERSION = 1.0;
				PRODUCT_BUNDLE_IDENTIFIER = com.xvisionboardai.app;
				PRODUCT_NAME = "$(TARGET_NAME)";
				SWIFT_EMIT_LOC_STRINGS = YES;
				SWIFT_VERSION = 5.0;
				TARGETED_DEVICE_FAMILY = "1,2";
			};
			name = Debug;
		/* End XCBuildConfiguration section */
/* End XCBuildConfiguration section */

/* Begin XCConfigurationList section */
		/* Begin XCConfigurationList section */
			isa = XCConfigurationList;
			buildConfigurations = (
				/* Debug */,
				/* Release */,
			);
			defaultConfigurationIsVisible = 0;
			defaultConfigurationName = Release;
		/* End XCConfigurationList section */
/* End XCConfigurationList section */
	};
	rootObject = /* Project object */;
}

